
Microsoft Visual Studio Solution File, Format Version 12.00
# Visual Studio Version 17
VisualStudioVersion = 17.9.34728.123
MinimumVisualStudioVersion = 10.0.40219.1
Project("{FAE04EC0-301F-11D3-BF4B-00C04F79EFBC}") = "GuessingWord", "GuessingWord\GuessingWord.csproj", "{7EEA8E15-D738-490A-A310-6A1DA640F021}"
EndProject
Global
	GlobalSection(SolutionConfigurationPlatforms) = preSolution
		Debug|Any CPU = Debug|Any CPU
		Release|Any CPU = Release|Any CPU
	EndGlobalSection
	GlobalSection(ProjectConfigurationPlatforms) = postSolution
		{7EEA8E15-D738-490A-A310-6A1DA640F021}.Debug|Any CPU.ActiveCfg = Debug|Any CPU
		{7EEA8E15-D738-490A-A310-6A1DA640F021}.Debug|Any CPU.Build.0 = Debug|Any CPU
		{7EEA8E15-D738-490A-A310-6A1DA640F021}.Release|Any CPU.ActiveCfg = Release|Any CPU
		{7EEA8E15-D738-490A-A310-6A1DA640F021}.Release|Any CPU.Build.0 = Release|Any CPU
	EndGlobalSection
	GlobalSection(SolutionProperties) = preSolution
		HideSolutionNode = FALSE
	EndGlobalSection
	GlobalSection(ExtensibilityGlobals) = postSolution
		SolutionGuid = {7F03041B-AE32-4336-A780-CAEF2D584324}
	EndGlobalSection
EndGlobal
